
Microsoft Visual Studio Solution File, Format Version 12.00
# Visual Studio Version 17
VisualStudioVersion = 17.9.34714.143
MinimumVisualStudioVersion = 10.0.40219.1
Project("{FAE04EC0-301F-11D3-BF4B-00C04F79EFBC}") = "MicroblogService", "MicroblogService.csproj", "{89C91F04-EC61-48E2-B647-2FBB4A8816F0}"
EndProject
Project("{FAE04EC0-301F-11D3-BF4B-00C04F79EFBC}") = "Microblog.Data", "..\Microblog.Data\Microblog.Data.csproj", "{B84142D0-22BB-4619-9E09-2CA5C03EF824}"
EndProject
Global
	GlobalSection(SolutionConfigurationPlatforms) = preSolution
		Debug|Any CPU = Debug|Any CPU
		Release|Any CPU = Release|Any CPU
	EndGlobalSection
	GlobalSection(ProjectConfigurationPlatforms) = postSolution
		{89C91F04-EC61-48E2-B647-2FBB4A8816F0}.Debug|Any CPU.ActiveCfg = Debug|Any CPU
		{89C91F04-EC61-48E2-B647-2FBB4A8816F0}.Debug|Any CPU.Build.0 = Debug|Any CPU
		{89C91F04-EC61-48E2-B647-2FBB4A8816F0}.Release|Any CPU.ActiveCfg = Release|Any CPU
		{89C91F04-EC61-48E2-B647-2FBB4A8816F0}.Release|Any CPU.Build.0 = Release|Any CPU
		{B84142D0-22BB-4619-9E09-2CA5C03EF824}.Debug|Any CPU.ActiveCfg = Debug|Any CPU
		{B84142D0-22BB-4619-9E09-2CA5C03EF824}.Debug|Any CPU.Build.0 = Debug|Any CPU
		{B84142D0-22BB-4619-9E09-2CA5C03EF824}.Release|Any CPU.ActiveCfg = Release|Any CPU
		{B84142D0-22BB-4619-9E09-2CA5C03EF824}.Release|Any CPU.Build.0 = Release|Any CPU
	EndGlobalSection
	GlobalSection(SolutionProperties) = preSolution
		HideSolutionNode = FALSE
	EndGlobalSection
	GlobalSection(ExtensibilityGlobals) = postSolution
		SolutionGuid = {018CA19A-7E35-4D4A-B093-4CEBE13A6882}
	EndGlobalSection
EndGlobal
